
Microsoft Visual Studio Solution File, Format Version 11.00
# Visual Studio 2010
Project("{8BC9CEB8-8B4A-11D0-8D11-00A0C91BC942}") = "Chernysh05", "Chernysh05\Chernysh05.vcxproj", "{00ED591D-573A-4DD0-B350-8D2C51CE629C}"
EndProject
Global
	GlobalSection(SolutionConfigurationPlatforms) = preSolution
		Debug|Win32 = Debug|Win32
		Release|Win32 = Release|Win32
	EndGlobalSection
	GlobalSection(ProjectConfigurationPlatforms) = postSolution
		{00ED591D-573A-4DD0-B350-8D2C51CE629C}.Debug|Win32.ActiveCfg = Debug|Win32
		{00ED591D-573A-4DD0-B350-8D2C51CE629C}.Debug|Win32.Build.0 = Debug|Win32
		{00ED591D-573A-4DD0-B350-8D2C51CE629C}.Release|Win32.ActiveCfg = Release|Win32
		{00ED591D-573A-4DD0-B350-8D2C51CE629C}.Release|Win32.Build.0 = Release|Win32
	EndGlobalSection
	GlobalSection(SolutionProperties) = preSolution
		HideSolutionNode = FALSE
	EndGlobalSection
EndGlobal
